
Microsoft Visual Studio Solution File, Format Version 12.00
# Visual Studio Version 17
VisualStudioVersion = 17.12.35707.178
MinimumVisualStudioVersion = 10.0.40219.1
Project("{FAE04EC0-301F-11D3-BF4B-00C04F79EFBC}") = "MyType", "MyType.csproj", "{3F23EFE9-0339-46EA-AC49-EDC2BBFBD1AF}"
EndProject
Project("{FAE04EC0-301F-11D3-BF4B-00C04F79EFBC}") = "MyType_Testing", "..\MyType_Testing\MyType_Testing.csproj", "{4EBAADD3-6184-4851-B619-81C753034C26}"
EndProject
Global
	GlobalSection(SolutionConfigurationPlatforms) = preSolution
		Debug|Any CPU = Debug|Any CPU
		Release|Any CPU = Release|Any CPU
	EndGlobalSection
	GlobalSection(ProjectConfigurationPlatforms) = postSolution
		{3F23EFE9-0339-46EA-AC49-EDC2BBFBD1AF}.Debug|Any CPU.ActiveCfg = Debug|Any CPU
		{3F23EFE9-0339-46EA-AC49-EDC2BBFBD1AF}.Debug|Any CPU.Build.0 = Debug|Any CPU
		{3F23EFE9-0339-46EA-AC49-EDC2BBFBD1AF}.Release|Any CPU.ActiveCfg = Release|Any CPU
		{3F23EFE9-0339-46EA-AC49-EDC2BBFBD1AF}.Release|Any CPU.Build.0 = Release|Any CPU
		{4EBAADD3-6184-4851-B619-81C753034C26}.Debug|Any CPU.ActiveCfg = Debug|Any CPU
		{4EBAADD3-6184-4851-B619-81C753034C26}.Debug|Any CPU.Build.0 = Debug|Any CPU
		{4EBAADD3-6184-4851-B619-81C753034C26}.Release|Any CPU.ActiveCfg = Release|Any CPU
		{4EBAADD3-6184-4851-B619-81C753034C26}.Release|Any CPU.Build.0 = Release|Any CPU
	EndGlobalSection
	GlobalSection(SolutionProperties) = preSolution
		HideSolutionNode = FALSE
	EndGlobalSection
EndGlobal
